// !$*UTF8*$!
{
	archiveVersion = 1;
	classes = {
	};
	objectVersion = 46;
	objects = {

/* Begin PBXBuildFile section */
		C765A99F1FB5F57000F69698 /* main.m in Sources */ = {isa = PBXBuildFile; fileRef = C765A99E1FB5F57000F69698 /* main.m */; };
		C765A9A21FB5F57000F69698 /* AppDelegate.m in Sources */ = {isa = PBXBuildFile; fileRef = C765A9A11FB5F57000F69698 /* AppDelegate.m */; };
		C765A9A51FB5F57000F69698 /* -.m in Sources */ = {isa = PBXBuildFile; fileRef = C765A9A41FB5F57000F69698 /* -.m */; };
		C765A9A81FB5F57000F69698 /* Main.storyboard in Resources */ = {isa = PBXBuildFile; fileRef = C765A9A61FB5F57000F69698 /* Main.storyboard */; };
		C765A9AA1FB5F57000F69698 /* Assets.xcassets in Resources */ = {isa = PBXBuildFile; fileRef = C765A9A91FB5F57000F69698 /* Assets.xcassets */; };
		C765A9AD1FB5F57000F69698 /* LaunchScreen.storyboard in Resources */ = {isa = PBXBuildFile; fileRef = C765A9AB1FB5F57000F69698 /* LaunchScreen.storyboard */; };
		C765A9B81FB5F57000F69698 /* CBViewControlletLesson17Tests.m in Sources */ = {isa = PBXBuildFile; fileRef = C765A9B71FB5F57000F69698 /* CBViewControlletLesson17Tests.m */; };
/* End PBXBuildFile section */

/* Begin PBXContainerItemProxy section */
		C765A9B41FB5F57000F69698 /* PBXContainerItemProxy */ = {
			isa = PBXContainerItemProxy;
			containerPortal = C765A9921FB5F57000F69698 /* Project object */;
			proxyType = 1;
			remoteGlobalIDString = C765A9991FB5F57000F69698;
			remoteInfo = CBViewControlletLesson17;
		};
/* End PBXContainerItemProxy section */

/* Begin PBXFileReference section */
		C765A99A1FB5F57000F69698 /* CBViewControlletLesson17.app */ = {isa = PBXFileReference; explicitFileType = wrapper.application; includeInIndex = 0; path = CBViewControlletLesson17.app; sourceTree = BUILT_PRODUCTS_DIR; };
		C765A99E1FB5F57000F69698 /* main.m */ = {isa = PBXFileReference; lastKnownFileType = sourcecode.c.objc; path = main.m; sourceTree = "<group>"; };
		C765A9A01FB5F57000F69698 /* AppDelegate.h */ = {isa = PBXFileReference; lastKnownFileType = sourcecode.c.h; path = AppDelegate.h; sourceTree = "<group>"; };
		C765A9A11FB5F57000F69698 /* AppDelegate.m */ = {isa = PBXFileReference; lastKnownFileType = sourcecode.c.objc; path = AppDelegate.m; sourceTree = "<group>"; };
		C765A9A31FB5F57000F69698 /* ViewController.h */ = {isa = PBXFileReference; lastKnownFileType = sourcecode.c.h; path = ViewController.h; sourceTree = "<group>"; };
		C765A9A41FB5F57000F69698 /* -.m */ = {isa = PBXFileReference; lastKnownFileType = sourcecode.c.objc; path = "-.m"; sourceTree = "<group>"; };
		C765A9A71FB5F57000F69698 /* Base */ = {isa = PBXFileReference; lastKnownFileType = file.storyboard; name = Base; path = Base.lproj/Main.storyboard; sourceTree = "<group>"; };
		C765A9A91FB5F57000F69698 /* Assets.xcassets */ = {isa = PBXFileReference; lastKnownFileType = folder.assetcatalog; path = Assets.xcassets; sourceTree = "<group>"; };
		C765A9AC1FB5F57000F69698 /* Base */ = {isa = PBXFileReference; lastKnownFileType = file.storyboard; name = Base; path = Base.lproj/LaunchScreen.storyboard; sourceTree = "<group>"; };
		C765A9AE1FB5F57000F69698 /* Info.plist */ = {isa = PBXFileReference; lastKnownFileType = text.plist.xml; path = Info.plist; sourceTree = "<group>"; };
		C765A9B31FB5F57000F69698 /* CBViewControlletLesson17Tests.xctest */ = {isa = PBXFileReference; explicitFileType = wrapper.cfbundle; includeInIndex = 0; path = CBViewControlletLesson17Tests.xctest; sourceTree = BUILT_PRODUCTS_DIR; };
		C765A9B71FB5F57000F69698 /* CBViewControlletLesson17Tests.m */ = {isa = PBXFileReference; lastKnownFileType = sourcecode.c.objc; path = CBViewControlletLesson17Tests.m; sourceTree = "<group>"; };
		C765A9B91FB5F57000F69698 /* Info.plist */ = {isa = PBXFileReference; lastKnownFileType = text.plist.xml; path = Info.plist; sourceTree = "<group>"; };
/* End PBXFileReference section */

/* Begin PBXFrameworksBuildPhase section */
		C765A9971FB5F57000F69698 /* Frameworks */ = {
			isa = PBXFrameworksBuildPhase;
			buildActionMask = 2147483647;
			files = (
			);
			runOnlyForDeploymentPostprocessing = 0;
		};
		C765A9B01FB5F57000F69698 /* Frameworks */ = {
			isa = PBXFrameworksBuildPhase;
			buildActionMask = 2147483647;
			files = (
			);
			runOnlyForDeploymentPostprocessing = 0;
		};
/* End PBXFrameworksBuildPhase section */

/* Begin PBXGroup section */
		C765A9911FB5F57000F69698 = {
			isa = PBXGroup;
			children = (
				C765A99C1FB5F57000F69698 /* CBViewControlletLesson17 */,
				C765A9B61FB5F57000F69698 /* CBViewControlletLesson17Tests */,
				C765A99B1FB5F57000F69698 /* Products */,
			);
			sourceTree = "<group>";
		};
		C765A99B1FB5F57000F69698 /* Products */ = {
			isa = PBXGroup;
			children = (
				C765A99A1FB5F57000F69698 /* CBViewControlletLesson17.app */,
				C765A9B31FB5F57000F69698 /* CBViewControlletLesson17Tests.xctest */,
			);
			name = Products;
			sourceTree = "<group>";
		};
		C765A99C1FB5F57000F69698 /* CBViewControlletLesson17 */ = {
			isa = PBXGroup;
			children = (
				C765A9A01FB5F57000F69698 /* AppDelegate.h */,
				C765A9A11FB5F57000F69698 /* AppDelegate.m */,
				C765A9A31FB5F57000F69698 /* ViewController.h */,
				C765A9A41FB5F57000F69698 /* -.m */,
				C765A9A61FB5F57000F69698 /* Main.storyboard */,
				C765A9A91FB5F57000F69698 /* Assets.xcassets */,
				C765A9AB1FB5F57000F69698 /* LaunchScreen.storyboard */,
				C765A9AE1FB5F57000F69698 /* Info.plist */,
				C765A99D1FB5F57000F69698 /* Supporting Files */,
			);
			path = CBViewControlletLesson17;
			sourceTree = "<group>";
		};
		C765A99D1FB5F57000F69698 /* Supporting Files */ = {
			isa = PBXGroup;
			children = (
				C765A99E1FB5F57000F69698 /* main.m */,
			);
			name = "Supporting Files";
			sourceTree = "<group>";
		};
		C765A9B61FB5F57000F69698 /* CBViewControlletLesson17Tests */ = {
			isa = PBXGroup;
			children = (
				C765A9B71FB5F57000F69698 /* CBViewControlletLesson17Tests.m */,
				C765A9B91FB5F57000F69698 /* Info.plist */,
			);
			path = CBViewControlletLesson17Tests;
			sourceTree = "<group>";
		};
/* End PBXGroup section */

/* Begin PBXNativeTarget section */
		C765A9991FB5F57000F69698 /* CBViewControlletLesson17 */ = {
			isa = PBXNativeTarget;
			buildConfigurationList = C765A9BC1FB5F57000F69698 /* Build configuration list for PBXNativeTarget "CBViewControlletLesson17" */;
			buildPhases = (
				C765A9961FB5F57000F69698 /* Sources */,
				C765A9971FB5F57000F69698 /* Frameworks */,
				C765A9981FB5F57000F69698 /* Resources */,
			);
			buildRules = (
			);
			dependencies = (
			);
			name = CBViewControlletLesson17;
			productName = CBViewControlletLesson17;
			productReference = C765A99A1FB5F57000F69698 /* CBViewControlletLesson17.app */;
			productType = "com.apple.product-type.application";
		};
		C765A9B21FB5F57000F69698 /* CBViewControlletLesson17Tests */ = {
			isa = PBXNativeTarget;
			buildConfigurationList = C765A9BF1FB5F57000F69698 /* Build configuration list for PBXNativeTarget "CBViewControlletLesson17Tests" */;
			buildPhases = (
				C765A9AF1FB5F57000F69698 /* Sources */,
				C765A9B01FB5F57000F69698 /* Frameworks */,
				C765A9B11FB5F57000F69698 /* Resources */,
			);
			buildRules = (
			);
			dependencies = (
				C765A9B51FB5F57000F69698 /* PBXTargetDependency */,
			);
			name = CBViewControlletLesson17Tests;
			productName = CBViewControlletLesson17Tests;
			productReference = C765A9B31FB5F57000F69698 /* CBViewControlletLesson17Tests.xctest */;
			productType = "com.apple.product-type.bundle.unit-test";
		};
/* End PBXNativeTarget section */

/* Begin PBXProject section */
		C765A9921FB5F57000F69698 /* Project object */ = {
			isa = PBXProject;
			attributes = {
				LastUpgradeCheck = 0830;
				ORGANIZATIONNAME = Max;
				TargetAttributes = {
					C765A9991FB5F57000F69698 = {
						CreatedOnToolsVersion = 8.3.3;
						ProvisioningStyle = Automatic;
					};
					C765A9B21FB5F57000F69698 = {
						CreatedOnToolsVersion = 8.3.3;
						ProvisioningStyle = Automatic;
						TestTargetID = C765A9991FB5F57000F69698;
					};
				};
			};
			buildConfigurationList = C765A9951FB5F57000F69698 /* Build configuration list for PBXProject "CBViewControlletLesson17" */;
			compatibilityVersion = "Xcode 3.2";
			developmentRegion = English;
			hasScannedForEncodings = 0;
			knownRegions = (
				en,
				Base,
			);
			mainGroup = C765A9911FB5F57000F69698;
			productRefGroup = C765A99B1FB5F57000F69698 /* Products */;
			projectDirPath = "";
			projectRoot = "";
			targets = (
				C765A9991FB5F57000F69698 /* CBViewControlletLesson17 */,
				C765A9B21FB5F57000F69698 /* CBViewControlletLesson17Tests */,
			);
		};
/* End PBXProject section */

/* Begin PBXResourcesBuildPhase section */
		C765A9981FB5F57000F69698 /* Resources */ = {
			isa = PBXResourcesBuildPhase;
			buildActionMask = 2147483647;
			files = (
				C765A9AD1FB5F57000F69698 /* LaunchScreen.storyboard in Resources */,
				C765A9AA1FB5F57000F69698 /* Assets.xcassets in Resources */,
				C765A9A81FB5F57000F69698 /* Main.storyboard in Resources */,
			);
			runOnlyForDeploymentPostprocessing = 0;
		};
		C765A9B11FB5F57000F69698 /* Resources */ = {
			isa = PBXResourcesBuildPhase;
			buildActionMask = 2147483647;
			files = (
			);
			runOnlyForDeploymentPostprocessing = 0;
		};
/* End PBXResourcesBuildPhase section */

/* Begin PBXSourcesBuildPhase section */
		C765A9961FB5F57000F69698 /* Sources */ = {
			isa = PBXSourcesBuildPhase;
			buildActionMask = 2147483647;
			files = (
				C765A9A51FB5F57000F69698 /* -.m in Sources */,
				C765A9A21FB5F57000F69698 /* AppDelegate.m in Sources */,
				C765A99F1FB5F57000F69698 /* main.m in Sources */,
			);
			runOnlyForDeploymentPostprocessing = 0;
		};
		C765A9AF1FB5F57000F69698 /* Sources */ = {
			isa = PBXSourcesBuildPhase;
			buildActionMask = 2147483647;
			files = (
				C765A9B81FB5F57000F69698 /* CBViewControlletLesson17Tests.m in Sources */,
			);
			runOnlyForDeploymentPostprocessing = 0;
		};
/* End PBXSourcesBuildPhase section */

/* Begin PBXTargetDependency section */
		C765A9B51FB5F57000F69698 /* PBXTargetDependency */ = {
			isa = PBXTargetDependency;
			target = C765A9991FB5F57000F69698 /* CBViewControlletLesson17 */;
			targetProxy = C765A9B41FB5F57000F69698 /* PBXContainerItemProxy */;
		};
/* End PBXTargetDependency section */

/* Begin PBXVariantGroup section */
		C765A9A61FB5F57000F69698 /* Main.storyboard */ = {
			isa = PBXVariantGroup;
			children = (
				C765A9A71FB5F57000F69698 /* Base */,
			);
			name = Main.storyboard;
			sourceTree = "<group>";
		};
		C765A9AB1FB5F57000F69698 /* LaunchScreen.storyboard */ = {
			isa = PBXVariantGroup;
			children = (
				C765A9AC1FB5F57000F69698 /* Base */,
			);
			name = LaunchScreen.storyboard;
			sourceTree = "<group>";
		};
/* End PBXVariantGroup section */

/* Begin XCBuildConfiguration section */
		C765A9BA1FB5F57000F69698 /* Debug */ = {
			isa = XCBuildConfiguration;
			buildSettings = {
				ALWAYS_SEARCH_USER_PATHS = NO;
				CLANG_ANALYZER_NONNULL = YES;
				CLANG_ANALYZER_NUMBER_OBJECT_CONVERSION = YES_AGGRESSIVE;
				CLANG_CXX_LANGUAGE_STANDARD = "gnu++0x";
				CLANG_CXX_LIBRARY = "libc++";
				CLANG_ENABLE_MODULES = YES;
				CLANG_ENABLE_OBJC_ARC = YES;
				CLANG_WARN_BOOL_CONVERSION = YES;
				CLANG_WARN_CONSTANT_CONVERSION = YES;
				CLANG_WARN_DIRECT_OBJC_ISA_USAGE = YES_ERROR;
				CLANG_WARN_DOCUMENTATION_COMMENTS = YES;
				CLANG_WARN_EMPTY_BODY = YES;
				CLANG_WARN_ENUM_CONVERSION = YES;
				CLANG_WARN_INFINITE_RECURSION = YES;
				CLANG_WARN_INT_CONVERSION = YES;
				CLANG_WARN_OBJC_ROOT_CLASS = YES_ERROR;
				CLANG_WARN_SUSPICIOUS_MOVE = YES;
				CLANG_WARN_UNREACHABLE_CODE = YES;
				CLANG_WARN__DUPLICATE_METHOD_MATCH = YES;
				"CODE_SIGN_IDENTITY[sdk=iphoneos*]" = "iPhone Developer";
				COPY_PHASE_STRIP = NO;
				DEBUG_INFORMATION_FORMAT = dwarf;
				ENABLE_STRICT_OBJC_MSGSEND = YES;
				ENABLE_TESTABILITY = YES;
				GCC_C_LANGUAGE_STANDARD = gnu99;
				GCC_DYNAMIC_NO_PIC = NO;
				GCC_NO_COMMON_BLOCKS = YES;
				GCC_OPTIMIZATION_LEVEL = 0;
				GCC_PREPROCESSOR_DEFINITIONS = (
					"DEBUG=1",
					"$(inherited)",
				);
				GCC_WARN_64_TO_32_BIT_CONVERSION = YES;
				GCC_WARN_ABOUT_RETURN_TYPE = YES_ERROR;
				GCC_WARN_UNDECLARED_SELECTOR = YES;
				GCC_WARN_UNINITIALIZED_AUTOS = YES_AGGRESSIVE;
				GCC_WARN_UNUSED_FUNCTION = YES;
				GCC_WARN_UNUSED_VARIABLE = YES;
				IPHONEOS_DEPLOYMENT_TARGET = 10.3;
				MTL_ENABLE_DEBUG_INFO = YES;
				ONLY_ACTIVE_ARCH = YES;
				SDKROOT = iphoneos;
				TARGETED_DEVICE_FAMILY = "1,2";
			};
			name = Debug;
		};
		C765A9BB1FB5F57000F69698 /* Release */ = {
			isa = XCBuildConfiguration;
			buildSettings = {
				ALWAYS_SEARCH_USER_PATHS = NO;
				CLANG_ANALYZER_NONNULL = YES;
				CLANG_ANALYZER_NUMBER_OBJECT_CONVERSION = YES_AGGRESSIVE;
				CLANG_CXX_LANGUAGE_STANDARD = "gnu++0x";
				CLANG_CXX_LIBRARY = "libc++";
				CLANG_ENABLE_MODULES = YES;
				CLANG_ENABLE_OBJC_ARC = YES;
				CLANG_WARN_BOOL_CONVERSION = YES;
				CLANG_WARN_CONSTANT_CONVERSION = YES;
				CLANG_WARN_DIRECT_OBJC_ISA_USAGE = YES_ERROR;
				CLANG_WARN_DOCUMENTATION_COMMENTS = YES;
				CLANG_WARN_EMPTY_BODY = YES;
				CLANG_WARN_ENUM_CONVERSION = YES;
				CLANG_WARN_INFINITE_RECURSION = YES;
				CLANG_WARN_INT_CONVERSION = YES;
				CLANG_WARN_OBJC_ROOT_CLASS = YES_ERROR;
				CLANG_WARN_SUSPICIOUS_MOVE = YES;
				CLANG_WARN_UNREACHABLE_CODE = YES;
				CLANG_WARN__DUPLICATE_METHOD_MATCH = YES;
				"CODE_SIGN_IDENTITY[sdk=iphoneos*]" = "iPhone Developer";
				COPY_PHASE_STRIP = NO;
				DEBUG_INFORMATION_FORMAT = "dwarf-with-dsym";
				ENABLE_NS_ASSERTIONS = NO;
				ENABLE_STRICT_OBJC_MSGSEND = YES;
				GCC_C_LANGUAGE_STANDARD = gnu99;
				GCC_NO_COMMON_BLOCKS = YES;
				GCC_WARN_64_TO_32_BIT_CONVERSION = YES;
				GCC_WARN_ABOUT_RETURN_TYPE = YES_ERROR;
				GCC_WARN_UNDECLARED_SELECTOR = YES;
				GCC_WARN_UNINITIALIZED_AUTOS = YES_AGGRESSIVE;
				GCC_WARN_UNUSED_FUNCTION = YES;
				GCC_WARN_UNUSED_VARIABLE = YES;
				IPHONEOS_DEPLOYMENT_TARGET = 10.3;
				MTL_ENABLE_DEBUG_INFO = NO;
				SDKROOT = iphoneos;
				TARGETED_DEVICE_FAMILY = "1,2";
				VALIDATE_PRODUCT = YES;
			};
			name = Release;
		};
		C765A9BD1FB5F57000F69698 /* Debug */ = {
			isa = XCBuildConfiguration;
			buildSettings = {
				ASSETCATALOG_COMPILER_APPICON_NAME = AppIcon;
				INFOPLIST_FILE = CBViewControlletLesson17/Info.plist;
				IPHONEOS_DEPLOYMENT_TARGET = 10.3;
				LD_RUNPATH_SEARCH_PATHS = "$(inherited) @executable_path/Frameworks";
				PRODUCT_BUNDLE_IDENTIFIER = Panamarou.CBViewControlletLesson17;
				PRODUCT_NAME = "$(TARGET_NAME)";
				TARGETED_DEVICE_FAMILY = "1,2";
			};
			name = Debug;
		};
		C765A9BE1FB5F57000F69698 /* Release */ = {
			isa = XCBuildConfiguration;
			buildSettings = {
				ASSETCATALOG_COMPILER_APPICON_NAME = AppIcon;
				INFOPLIST_FILE = CBViewControlletLesson17/Info.plist;
				IPHONEOS_DEPLOYMENT_TARGET = 10.3;
				LD_RUNPATH_SEARCH_PATHS = "$(inherited) @executable_path/Frameworks";
				PRODUCT_BUNDLE_IDENTIFIER = Panamarou.CBViewControlletLesson17;
				PRODUCT_NAME = "$(TARGET_NAME)";
				TARGETED_DEVICE_FAMILY = "1,2";
			};
			name = Release;
		};
		C765A9C01FB5F57000F69698 /* Debug */ = {
			isa = XCBuildConfiguration;
			buildSettings = {
				BUNDLE_LOADER = "$(TEST_HOST)";
				INFOPLIST_FILE = CBViewControlletLesson17Tests/Info.plist;
				LD_RUNPATH_SEARCH_PATHS = "$(inherited) @executable_path/Frameworks @loader_path/Frameworks";
				PRODUCT_BUNDLE_IDENTIFIER = Panamarou.CBViewControlletLesson17Tests;
				PRODUCT_NAME = "$(TARGET_NAME)";
				TEST_HOST = "$(BUILT_PRODUCTS_DIR)/CBViewControlletLesson17.app/CBViewControlletLesson17";
			};
			name = Debug;
		};
		C765A9C11FB5F57000F69698 /* Release */ = {
			isa = XCBuildConfiguration;
			buildSettings = {
				BUNDLE_LOADER = "$(TEST_HOST)";
				INFOPLIST_FILE = CBViewControlletLesson17Tests/Info.plist;
				LD_RUNPATH_SEARCH_PATHS = "$(inherited) @executable_path/Frameworks @loader_path/Frameworks";
				PRODUCT_BUNDLE_IDENTIFIER = Panamarou.CBViewControlletLesson17Tests;
				PRODUCT_NAME = "$(TARGET_NAME)";
				TEST_HOST = "$(BUILT_PRODUCTS_DIR)/CBViewControlletLesson17.app/CBViewControlletLesson17";
			};
			name = Release;
		};
/* End XCBuildConfiguration section */

/* Begin XCConfigurationList section */
		C765A9951FB5F57000F69698 /* Build configuration list for PBXProject "CBViewControlletLesson17" */ = {
			isa = XCConfigurationList;
			buildConfigurations = (
				C765A9BA1FB5F57000F69698 /* Debug */,
				C765A9BB1FB5F57000F69698 /* Release */,
			);
			defaultConfigurationIsVisible = 0;
			defaultConfigurationName = Release;
		};
		C765A9BC1FB5F57000F69698 /* Build configuration list for PBXNativeTarget "CBViewControlletLesson17" */ = {
			isa = XCConfigurationList;
			buildConfigurations = (
				C765A9BD1FB5F57000F69698 /* Debug */,
				C765A9BE1FB5F57000F69698 /* Release */,
			);
			defaultConfigurationIsVisible = 0;
		};
		C765A9BF1FB5F57000F69698 /* Build configuration list for PBXNativeTarget "CBViewControlletLesson17Tests" */ = {
			isa = XCConfigurationList;
			buildConfigurations = (
				C765A9C01FB5F57000F69698 /* Debug */,
				C765A9C11FB5F57000F69698 /* Release */,
			);
			defaultConfigurationIsVisible = 0;
		};
/* End XCConfigurationList section */
	};
	rootObject = C765A9921FB5F57000F69698 /* Project object */;
}
